
Microsoft Visual Studio Solution File, Format Version 12.00
# Visual Studio Version 17
VisualStudioVersion = 17.8.34330.188
MinimumVisualStudioVersion = 10.0.40219.1
Project("{FAE04EC0-301F-11D3-BF4B-00C04F79EFBC}") = "OFF.PL", "OFF.PL\OFF.PL.csproj", "{9143A6CF-C65D-4103-8F2E-9767A41A75D2}"
EndProject
Project("{FAE04EC0-301F-11D3-BF4B-00C04F79EFBC}") = "OFF.DAL", "OFF.DAL\OFF.DAL.csproj", "{BEFB45CE-1F18-42CE-94DD-BFE2D86B509B}"
EndProject
Project("{FAE04EC0-301F-11D3-BF4B-00C04F79EFBC}") = "OFF.BLL", "OFF.BLL\OFF.BLL.csproj", "{6BEBA572-A17A-459F-A6FF-C7301FE7EA84}"
EndProject
Global
	GlobalSection(SolutionConfigurationPlatforms) = preSolution
		Debug|Any CPU = Debug|Any CPU
		Release|Any CPU = Release|Any CPU
	EndGlobalSection
	GlobalSection(ProjectConfigurationPlatforms) = postSolution
		{9143A6CF-C65D-4103-8F2E-9767A41A75D2}.Debug|Any CPU.ActiveCfg = Debug|Any CPU
		{9143A6CF-C65D-4103-8F2E-9767A41A75D2}.Debug|Any CPU.Build.0 = Debug|Any CPU
		{9143A6CF-C65D-4103-8F2E-9767A41A75D2}.Release|Any CPU.ActiveCfg = Release|Any CPU
		{9143A6CF-C65D-4103-8F2E-9767A41A75D2}.Release|Any CPU.Build.0 = Release|Any CPU
		{BEFB45CE-1F18-42CE-94DD-BFE2D86B509B}.Debug|Any CPU.ActiveCfg = Debug|Any CPU
		{BEFB45CE-1F18-42CE-94DD-BFE2D86B509B}.Debug|Any CPU.Build.0 = Debug|Any CPU
		{BEFB45CE-1F18-42CE-94DD-BFE2D86B509B}.Release|Any CPU.ActiveCfg = Release|Any CPU
		{BEFB45CE-1F18-42CE-94DD-BFE2D86B509B}.Release|Any CPU.Build.0 = Release|Any CPU
		{6BEBA572-A17A-459F-A6FF-C7301FE7EA84}.Debug|Any CPU.ActiveCfg = Debug|Any CPU
		{6BEBA572-A17A-459F-A6FF-C7301FE7EA84}.Debug|Any CPU.Build.0 = Debug|Any CPU
		{6BEBA572-A17A-459F-A6FF-C7301FE7EA84}.Release|Any CPU.ActiveCfg = Release|Any CPU
		{6BEBA572-A17A-459F-A6FF-C7301FE7EA84}.Release|Any CPU.Build.0 = Release|Any CPU
	EndGlobalSection
	GlobalSection(SolutionProperties) = preSolution
		HideSolutionNode = FALSE
	EndGlobalSection
	GlobalSection(ExtensibilityGlobals) = postSolution
		SolutionGuid = {C9FC217D-8470-49E6-8659-9462790B7737}
	EndGlobalSection
EndGlobal
